
Microsoft Visual Studio Solution File, Format Version 11.00
# Visual Studio 2010
Project("{8BC9CEB8-8B4A-11D0-8D11-00A0C91BC942}") = "Deferred Shading Advanced", "Deferred Shading Advanced\Deferred Shading Advanced.vcxproj", "{8327908D-AB26-48CB-9641-AA5BBC8137B0}"
EndProject
Global
	GlobalSection(SolutionConfigurationPlatforms) = preSolution
		Debug|Win32 = Debug|Win32
		Release|Win32 = Release|Win32
	EndGlobalSection
	GlobalSection(ProjectConfigurationPlatforms) = postSolution
		{8327908D-AB26-48CB-9641-AA5BBC8137B0}.Debug|Win32.ActiveCfg = Debug|Win32
		{8327908D-AB26-48CB-9641-AA5BBC8137B0}.Debug|Win32.Build.0 = Debug|Win32
		{8327908D-AB26-48CB-9641-AA5BBC8137B0}.Release|Win32.ActiveCfg = Release|Win32
		{8327908D-AB26-48CB-9641-AA5BBC8137B0}.Release|Win32.Build.0 = Release|Win32
	EndGlobalSection
	GlobalSection(SolutionProperties) = preSolution
		HideSolutionNode = FALSE
	EndGlobalSection
EndGlobal
